
Microsoft Visual Studio Solution File, Format Version 12.00
# Visual Studio Version 16
VisualStudioVersion = 16.0.29613.14
MinimumVisualStudioVersion = 10.0.40219.1
Project("{FAE04EC0-301F-11D3-BF4B-00C04F79EFBC}") = "CoronaStore", "CoronaStore\CoronaStore.csproj", "{ADAAFD64-41DC-4D2F-AED3-0C0FEDAA5A87}"
EndProject
Global
	GlobalSection(SolutionConfigurationPlatforms) = preSolution
		Debug|Any CPU = Debug|Any CPU
		Release|Any CPU = Release|Any CPU
	EndGlobalSection
	GlobalSection(ProjectConfigurationPlatforms) = postSolution
		{ADAAFD64-41DC-4D2F-AED3-0C0FEDAA5A87}.Debug|Any CPU.ActiveCfg = Debug|Any CPU
		{ADAAFD64-41DC-4D2F-AED3-0C0FEDAA5A87}.Debug|Any CPU.Build.0 = Debug|Any CPU
		{ADAAFD64-41DC-4D2F-AED3-0C0FEDAA5A87}.Release|Any CPU.ActiveCfg = Release|Any CPU
		{ADAAFD64-41DC-4D2F-AED3-0C0FEDAA5A87}.Release|Any CPU.Build.0 = Release|Any CPU
	EndGlobalSection
	GlobalSection(SolutionProperties) = preSolution
		HideSolutionNode = FALSE
	EndGlobalSection
	GlobalSection(ExtensibilityGlobals) = postSolution
		SolutionGuid = {E54BDFFA-B2A7-480F-A377-0C9CAB220DD1}
	EndGlobalSection
EndGlobal
